PATH
  remote: ..
  specs:
    sidekiq-prometheus-exporter (0.1.17)
      rack (>= 1.6.0)
      sidekiq (>= 3.3.1)

GEM
  remote: https://rubygems.org/
  specs:
    appraisal (2.4.1)
      bundler
      rake
      thor (>= 0.14.0)
    ast (2.4.2)
    byebug (11.1.3)
    celluloid (0.16.0)
      timers (~> 4.0.0)
    coderay (1.1.3)
    concurrent-ruby (1.1.10)
    connection_pool (2.3.0)
    diff-lcs (1.5.0)
    hitimes (2.0.0)
    json (2.6.2)
    method_source (1.0.0)
    mustermann (3.0.0)
      ruby2_keywords (~> 0.0.1)
    parallel (1.22.1)
    parser (3.1.2.1)
      ast (~> 2.4.1)
    pry (0.14.1)
      coderay (~> 1.1)
      method_source (~> 1.0)
    pry-byebug (3.10.1)
      byebug (~> 11.0)
      pry (>= 0.13, < 0.15)
    rack (2.2.4)
    rack-protection (3.0.3)
      rack
    rack-test (1.1.0)
      rack (>= 1.0, < 3)
    rainbow (3.1.1)
    rake (13.0.6)
    redis (3.3.5)
    redis-namespace (1.6.0)
      redis (>= 3.0.4)
    regexp_parser (2.6.1)
    rexml (3.2.5)
    rspec (3.12.0)
      rspec-core (~> 3.12.0)
      rspec-expectations (~> 3.12.0)
      rspec-mocks (~> 3.12.0)
    rspec-core (3.12.0)
      rspec-support (~> 3.12.0)
    rspec-expectations (3.12.0)
      diff-lcs (>= 1.2.0, < 2.0)
      rspec-support (~> 3.12.0)
    rspec-mocks (3.12.0)
      diff-lcs (>= 1.2.0, < 2.0)
      rspec-support (~> 3.12.0)
    rspec-support (3.12.0)
    rubocop (1.39.0)
      json (~> 2.3)
      parallel (~> 1.10)
      parser (>= 3.1.2.1)
      rainbow (>= 2.2.2, < 4.0)
      regexp_parser (>= 1.8, < 3.0)
      rexml (>= 3.2.5, < 4.0)
      rubocop-ast (>= 1.23.0, < 2.0)
      ruby-progressbar (~> 1.7)
      unicode-display_width (>= 1.4.0, < 3.0)
    rubocop-ast (1.23.0)
      parser (>= 3.1.1.0)
    rubocop-performance (1.15.1)
      rubocop (>= 1.7.0, < 2.0)
      rubocop-ast (>= 0.4.0)
    rubocop-rake (0.6.0)
      rubocop (~> 1.0)
    rubocop-rspec (2.15.0)
      rubocop (~> 1.33)
    ruby-progressbar (1.11.0)
    ruby2_keywords (0.0.5)
    sidekiq (3.4.1)
      celluloid (~> 0.16.0)
      connection_pool (>= 2.1.1)
      json
      redis (>= 3.0.6)
      redis-namespace (>= 1.3.1)
    sinatra (3.0.3)
      mustermann (~> 3.0)
      rack (~> 2.2, >= 2.2.4)
      rack-protection (= 3.0.3)
      tilt (~> 2.0)
    slim (4.1.0)
      temple (>= 0.7.6, < 0.9)
      tilt (>= 2.0.6, < 2.1)
    temple (0.8.2)
    thor (1.2.1)
    tilt (2.0.11)
    timecop (0.9.5)
    timers (4.0.4)
      hitimes
    unicode-display_width (2.3.0)

PLATFORMS
  ruby

DEPENDENCIES
  appraisal (~> 2.2)
  bundler (~> 2.1)
  concurrent-ruby
  pry-byebug (~> 3.6)
  rack-test (~> 1.1)
  rake (~> 13.0)
  redis (~> 3.3)
  redis-namespace (< 1.7.0)
  rspec (~> 3.0)
  rubocop (~> 1.22)
  rubocop-performance (~> 1.12)
  rubocop-rake (~> 0.6)
  rubocop-rspec (~> 2.6)
  sidekiq (~> 3.0)
  sidekiq-prometheus-exporter!
  sinatra
  slim
  timecop (~> 0.9)

BUNDLED WITH
   2.3.26
